
Microsoft Visual Studio Solution File, Format Version 12.00
# Visual Studio Version 16
VisualStudioVersion = 16.0.31624.102
MinimumVisualStudioVersion = 10.0.40219.1
Project("{FAE04EC0-301F-11D3-BF4B-00C04F79EFBC}") = "Yieldly", "Yieldly\Yieldly.csproj", "{47F9723C-9EC6-45B6-9952-3DD092C9AF95}"
EndProject
Global
	GlobalSection(SolutionConfigurationPlatforms) = preSolution
		Debug|Any CPU = Debug|Any CPU
		Release|Any CPU = Release|Any CPU
	EndGlobalSection
	GlobalSection(ProjectConfigurationPlatforms) = postSolution
		{47F9723C-9EC6-45B6-9952-3DD092C9AF95}.Debug|Any CPU.ActiveCfg = Debug|Any CPU
		{47F9723C-9EC6-45B6-9952-3DD092C9AF95}.Debug|Any CPU.Build.0 = Debug|Any CPU
		{47F9723C-9EC6-45B6-9952-3DD092C9AF95}.Release|Any CPU.ActiveCfg = Release|Any CPU
		{47F9723C-9EC6-45B6-9952-3DD092C9AF95}.Release|Any CPU.Build.0 = Release|Any CPU
	EndGlobalSection
	GlobalSection(SolutionProperties) = preSolution
		HideSolutionNode = FALSE
	EndGlobalSection
	GlobalSection(ExtensibilityGlobals) = postSolution
		SolutionGuid = {B9B1144A-2841-4EA5-8C61-69962FADE270}
	EndGlobalSection
EndGlobal
